
Microsoft Visual Studio Solution File, Format Version 12.00
# Visual Studio Version 16
VisualStudioVersion = 16.0.29613.14
MinimumVisualStudioVersion = 10.0.40219.1
Project("{FAE04EC0-301F-11D3-BF4B-00C04F79EFBC}") = "Reminder", "Reminder.csproj", "{95EB3245-3D2D-45A2-9F33-527FE63D8A48}"
EndProject
Global
	GlobalSection(SolutionConfigurationPlatforms) = preSolution
		Debug|Any CPU = Debug|Any CPU
		Release|Any CPU = Release|Any CPU
	EndGlobalSection
	GlobalSection(ProjectConfigurationPlatforms) = postSolution
		{95EB3245-3D2D-45A2-9F33-527FE63D8A48}.Debug|Any CPU.ActiveCfg = Debug|Any CPU
		{95EB3245-3D2D-45A2-9F33-527FE63D8A48}.Debug|Any CPU.Build.0 = Debug|Any CPU
		{95EB3245-3D2D-45A2-9F33-527FE63D8A48}.Release|Any CPU.ActiveCfg = Release|Any CPU
		{95EB3245-3D2D-45A2-9F33-527FE63D8A48}.Release|Any CPU.Build.0 = Release|Any CPU
	EndGlobalSection
	GlobalSection(SolutionProperties) = preSolution
		HideSolutionNode = FALSE
	EndGlobalSection
	GlobalSection(ExtensibilityGlobals) = postSolution
		SolutionGuid = {4C6D062C-0C21-4C87-A6FE-A7EE7F3532CE}
	EndGlobalSection
EndGlobal
